
Microsoft Visual Studio Solution File, Format Version 12.00
Project("{FAE04EC0-301F-11D3-BF4B-00C04F79EFBC}") = "AvaloniaApplication6", "AvaloniaApplication6.csproj", "{9F5E131E-8583-41B2-B11E-AF8ECFC26542}"
EndProject
Global
	GlobalSection(SolutionConfigurationPlatforms) = preSolution
		Debug|Any CPU = Debug|Any CPU
		Release|Any CPU = Release|Any CPU
	EndGlobalSection
	GlobalSection(ProjectConfigurationPlatforms) = postSolution
		{9F5E131E-8583-41B2-B11E-AF8ECFC26542}.Debug|Any CPU.ActiveCfg = Debug|Any CPU
		{9F5E131E-8583-41B2-B11E-AF8ECFC26542}.Debug|Any CPU.Build.0 = Debug|Any CPU
		{9F5E131E-8583-41B2-B11E-AF8ECFC26542}.Release|Any CPU.ActiveCfg = Release|Any CPU
		{9F5E131E-8583-41B2-B11E-AF8ECFC26542}.Release|Any CPU.Build.0 = Release|Any CPU
	EndGlobalSection
EndGlobal
